
Microsoft Visual Studio Solution File, Format Version 12.00
# Visual Studio Version 16
VisualStudioVersion = 16.0.31727.386
MinimumVisualStudioVersion = 10.0.40219.1
Project("{FAE04EC0-301F-11D3-BF4B-00C04F79EFBC}") = "RugbyManagementSystem", "RugbyManagementSystem.csproj", "{3670E16D-2F11-4064-BDB4-7BCE0799A407}"
EndProject
Global
	GlobalSection(SolutionConfigurationPlatforms) = preSolution
		Debug|Any CPU = Debug|Any CPU
		Release|Any CPU = Release|Any CPU
	EndGlobalSection
	GlobalSection(ProjectConfigurationPlatforms) = postSolution
		{3670E16D-2F11-4064-BDB4-7BCE0799A407}.Debug|Any CPU.ActiveCfg = Debug|Any CPU
		{3670E16D-2F11-4064-BDB4-7BCE0799A407}.Debug|Any CPU.Build.0 = Debug|Any CPU
		{3670E16D-2F11-4064-BDB4-7BCE0799A407}.Release|Any CPU.ActiveCfg = Release|Any CPU
		{3670E16D-2F11-4064-BDB4-7BCE0799A407}.Release|Any CPU.Build.0 = Release|Any CPU
	EndGlobalSection
	GlobalSection(SolutionProperties) = preSolution
		HideSolutionNode = FALSE
	EndGlobalSection
	GlobalSection(ExtensibilityGlobals) = postSolution
		SolutionGuid = {7BB1456F-346E-4A5E-ACCF-62CC448A6A6D}
	EndGlobalSection
EndGlobal
